
Microsoft Visual Studio Solution File, Format Version 12.00
# Visual Studio 2013
VisualStudioVersion = 12.0.30110.0
MinimumVisualStudioVersion = 10.0.40219.1
Project("{8BC9CEB8-8B4A-11D0-8D11-00A0C91BC942}") = "Ewe", "Ewe\Ewe.vcxproj", "{A420686A-3F1B-4BB8-AD85-7538E4A5E6BF}"
	ProjectSection(ProjectDependencies) = postProject
		{79C9B209-4765-4CCE-BAA6-D6D8BB073D3F} = {79C9B209-4765-4CCE-BAA6-D6D8BB073D3F}
		{1344806A-7D72-4B82-9FA1-16E0C8617B02} = {1344806A-7D72-4B82-9FA1-16E0C8617B02}
		{3D86EA79-D469-4D39-A004-1FFE51A5FC7E} = {3D86EA79-D469-4D39-A004-1FFE51A5FC7E}
		{A9F0B67B-4A5F-412D-9FEC-EF9BBA896A9F} = {A9F0B67B-4A5F-412D-9FEC-EF9BBA896A9F}
		{800DBD80-4733-48F6-A155-0EE305ED1CF5} = {800DBD80-4733-48F6-A155-0EE305ED1CF5}
		{22D3F2AD-2549-4035-9E3A-851B3BDB2BDA} = {22D3F2AD-2549-4035-9E3A-851B3BDB2BDA}
		{CDE5D6B4-9ADB-4FB7-B9C3-5E677368FF93} = {CDE5D6B4-9ADB-4FB7-B9C3-5E677368FF93}
	EndProjectSection
EndProject
Project("{8BC9CEB8-8B4A-11D0-8D11-00A0C91BC942}") = "patterns", "patterns\patterns.vcxproj", "{22D3F2AD-2549-4035-9E3A-851B3BDB2BDA}"
EndProject
Project("{8BC9CEB8-8B4A-11D0-8D11-00A0C91BC942}") = "graphic", "graphic\graphic.vcxproj", "{3D86EA79-D469-4D39-A004-1FFE51A5FC7E}"
	ProjectSection(ProjectDependencies) = postProject
		{79C9B209-4765-4CCE-BAA6-D6D8BB073D3F} = {79C9B209-4765-4CCE-BAA6-D6D8BB073D3F}
		{25FC9A18-2083-42CC-873E-8981DD641A17} = {25FC9A18-2083-42CC-873E-8981DD641A17}
		{800DBD80-4733-48F6-A155-0EE305ED1CF5} = {800DBD80-4733-48F6-A155-0EE305ED1CF5}
		{22D3F2AD-2549-4035-9E3A-851B3BDB2BDA} = {22D3F2AD-2549-4035-9E3A-851B3BDB2BDA}
	EndProjectSection
EndProject
Project("{8BC9CEB8-8B4A-11D0-8D11-00A0C91BC942}") = "logic", "logic\logic.vcxproj", "{CDE5D6B4-9ADB-4FB7-B9C3-5E677368FF93}"
	ProjectSection(ProjectDependencies) = postProject
		{79C9B209-4765-4CCE-BAA6-D6D8BB073D3F} = {79C9B209-4765-4CCE-BAA6-D6D8BB073D3F}
		{25FC9A18-2083-42CC-873E-8981DD641A17} = {25FC9A18-2083-42CC-873E-8981DD641A17}
		{800DBD80-4733-48F6-A155-0EE305ED1CF5} = {800DBD80-4733-48F6-A155-0EE305ED1CF5}
		{22D3F2AD-2549-4035-9E3A-851B3BDB2BDA} = {22D3F2AD-2549-4035-9E3A-851B3BDB2BDA}
	EndProjectSection
EndProject
Project("{8BC9CEB8-8B4A-11D0-8D11-00A0C91BC942}") = "sound", "sound\sound.vcxproj", "{1344806A-7D72-4B82-9FA1-16E0C8617B02}"
	ProjectSection(ProjectDependencies) = postProject
		{79C9B209-4765-4CCE-BAA6-D6D8BB073D3F} = {79C9B209-4765-4CCE-BAA6-D6D8BB073D3F}
		{25FC9A18-2083-42CC-873E-8981DD641A17} = {25FC9A18-2083-42CC-873E-8981DD641A17}
		{800DBD80-4733-48F6-A155-0EE305ED1CF5} = {800DBD80-4733-48F6-A155-0EE305ED1CF5}
		{22D3F2AD-2549-4035-9E3A-851B3BDB2BDA} = {22D3F2AD-2549-4035-9E3A-851B3BDB2BDA}
	EndProjectSection
EndProject
Project("{8BC9CEB8-8B4A-11D0-8D11-00A0C91BC942}") = "io", "io\io.vcxproj", "{A9F0B67B-4A5F-412D-9FEC-EF9BBA896A9F}"
	ProjectSection(ProjectDependencies) = postProject
		{79C9B209-4765-4CCE-BAA6-D6D8BB073D3F} = {79C9B209-4765-4CCE-BAA6-D6D8BB073D3F}
		{25FC9A18-2083-42CC-873E-8981DD641A17} = {25FC9A18-2083-42CC-873E-8981DD641A17}
		{3D86EA79-D469-4D39-A004-1FFE51A5FC7E} = {3D86EA79-D469-4D39-A004-1FFE51A5FC7E}
		{800DBD80-4733-48F6-A155-0EE305ED1CF5} = {800DBD80-4733-48F6-A155-0EE305ED1CF5}
		{22D3F2AD-2549-4035-9E3A-851B3BDB2BDA} = {22D3F2AD-2549-4035-9E3A-851B3BDB2BDA}
	EndProjectSection
EndProject
Project("{8BC9CEB8-8B4A-11D0-8D11-00A0C91BC942}") = "thread_manager", "thread_manager\thread_manager.vcxproj", "{800DBD80-4733-48F6-A155-0EE305ED1CF5}"
	ProjectSection(ProjectDependencies) = postProject
		{79C9B209-4765-4CCE-BAA6-D6D8BB073D3F} = {79C9B209-4765-4CCE-BAA6-D6D8BB073D3F}
		{12CA2547-7CE8-4E15-B15E-71667A8A4A49} = {12CA2547-7CE8-4E15-B15E-71667A8A4A49}
		{22D3F2AD-2549-4035-9E3A-851B3BDB2BDA} = {22D3F2AD-2549-4035-9E3A-851B3BDB2BDA}
	EndProjectSection
EndProject
Project("{8BC9CEB8-8B4A-11D0-8D11-00A0C91BC942}") = "utils", "utils\utils.vcxproj", "{79C9B209-4765-4CCE-BAA6-D6D8BB073D3F}"
	ProjectSection(ProjectDependencies) = postProject
		{22D3F2AD-2549-4035-9E3A-851B3BDB2BDA} = {22D3F2AD-2549-4035-9E3A-851B3BDB2BDA}
	EndProjectSection
EndProject
Project("{2150E333-8FDC-42A3-9474-1A3956D46DE8}") = "common", "common", "{5FA55185-485E-4373-8C71-B601B16CD6E5}"
EndProject
Project("{8BC9CEB8-8B4A-11D0-8D11-00A0C91BC942}") = "data", "data\data.vcxproj", "{25FC9A18-2083-42CC-873E-8981DD641A17}"
	ProjectSection(ProjectDependencies) = postProject
		{79C9B209-4765-4CCE-BAA6-D6D8BB073D3F} = {79C9B209-4765-4CCE-BAA6-D6D8BB073D3F}
		{22D3F2AD-2549-4035-9E3A-851B3BDB2BDA} = {22D3F2AD-2549-4035-9E3A-851B3BDB2BDA}
	EndProjectSection
EndProject
Project("{8BC9CEB8-8B4A-11D0-8D11-00A0C91BC942}") = "command_manager", "command_manager\command_manager.vcxproj", "{12CA2547-7CE8-4E15-B15E-71667A8A4A49}"
EndProject
Global
	GlobalSection(SolutionConfigurationPlatforms) = preSolution
		Debug|Win32 = Debug|Win32
		Debug|x64 = Debug|x64
		Release|Win32 = Release|Win32
		Release|x64 = Release|x64
	EndGlobalSection
	GlobalSection(ProjectConfigurationPlatforms) = postSolution
		{A420686A-3F1B-4BB8-AD85-7538E4A5E6BF}.Debug|Win32.ActiveCfg = Debug|Win32
		{A420686A-3F1B-4BB8-AD85-7538E4A5E6BF}.Debug|Win32.Build.0 = Debug|Win32
		{A420686A-3F1B-4BB8-AD85-7538E4A5E6BF}.Debug|x64.ActiveCfg = Debug|Win32
		{A420686A-3F1B-4BB8-AD85-7538E4A5E6BF}.Release|Win32.ActiveCfg = Release|Win32
		{A420686A-3F1B-4BB8-AD85-7538E4A5E6BF}.Release|Win32.Build.0 = Release|Win32
		{A420686A-3F1B-4BB8-AD85-7538E4A5E6BF}.Release|x64.ActiveCfg = Release|Win32
		{22D3F2AD-2549-4035-9E3A-851B3BDB2BDA}.Debug|Win32.ActiveCfg = Debug|Win32
		{22D3F2AD-2549-4035-9E3A-851B3BDB2BDA}.Debug|Win32.Build.0 = Debug|Win32
		{22D3F2AD-2549-4035-9E3A-851B3BDB2BDA}.Debug|x64.ActiveCfg = Debug|Win32
		{22D3F2AD-2549-4035-9E3A-851B3BDB2BDA}.Release|Win32.ActiveCfg = Release|Win32
		{22D3F2AD-2549-4035-9E3A-851B3BDB2BDA}.Release|Win32.Build.0 = Release|Win32
		{22D3F2AD-2549-4035-9E3A-851B3BDB2BDA}.Release|x64.ActiveCfg = Release|Win32
		{3D86EA79-D469-4D39-A004-1FFE51A5FC7E}.Debug|Win32.ActiveCfg = Debug|Win32
		{3D86EA79-D469-4D39-A004-1FFE51A5FC7E}.Debug|Win32.Build.0 = Debug|Win32
		{3D86EA79-D469-4D39-A004-1FFE51A5FC7E}.Debug|x64.ActiveCfg = Debug|Win32
		{3D86EA79-D469-4D39-A004-1FFE51A5FC7E}.Release|Win32.ActiveCfg = Release|Win32
		{3D86EA79-D469-4D39-A004-1FFE51A5FC7E}.Release|Win32.Build.0 = Release|Win32
		{3D86EA79-D469-4D39-A004-1FFE51A5FC7E}.Release|x64.ActiveCfg = Release|Win32
		{CDE5D6B4-9ADB-4FB7-B9C3-5E677368FF93}.Debug|Win32.ActiveCfg = Debug|Win32
		{CDE5D6B4-9ADB-4FB7-B9C3-5E677368FF93}.Debug|Win32.Build.0 = Debug|Win32
		{CDE5D6B4-9ADB-4FB7-B9C3-5E677368FF93}.Debug|x64.ActiveCfg = Debug|Win32
		{CDE5D6B4-9ADB-4FB7-B9C3-5E677368FF93}.Release|Win32.ActiveCfg = Release|Win32
		{CDE5D6B4-9ADB-4FB7-B9C3-5E677368FF93}.Release|Win32.Build.0 = Release|Win32
		{CDE5D6B4-9ADB-4FB7-B9C3-5E677368FF93}.Release|x64.ActiveCfg = Release|Win32
		{1344806A-7D72-4B82-9FA1-16E0C8617B02}.Debug|Win32.ActiveCfg = Debug|Win32
		{1344806A-7D72-4B82-9FA1-16E0C8617B02}.Debug|Win32.Build.0 = Debug|Win32
		{1344806A-7D72-4B82-9FA1-16E0C8617B02}.Debug|x64.ActiveCfg = Debug|Win32
		{1344806A-7D72-4B82-9FA1-16E0C8617B02}.Release|Win32.ActiveCfg = Release|Win32
		{1344806A-7D72-4B82-9FA1-16E0C8617B02}.Release|Win32.Build.0 = Release|Win32
		{1344806A-7D72-4B82-9FA1-16E0C8617B02}.Release|x64.ActiveCfg = Release|Win32
		{A9F0B67B-4A5F-412D-9FEC-EF9BBA896A9F}.Debug|Win32.ActiveCfg = Debug|Win32
		{A9F0B67B-4A5F-412D-9FEC-EF9BBA896A9F}.Debug|Win32.Build.0 = Debug|Win32
		{A9F0B67B-4A5F-412D-9FEC-EF9BBA896A9F}.Debug|x64.ActiveCfg = Debug|Win32
		{A9F0B67B-4A5F-412D-9FEC-EF9BBA896A9F}.Release|Win32.ActiveCfg = Release|Win32
		{A9F0B67B-4A5F-412D-9FEC-EF9BBA896A9F}.Release|Win32.Build.0 = Release|Win32
		{A9F0B67B-4A5F-412D-9FEC-EF9BBA896A9F}.Release|x64.ActiveCfg = Release|Win32
		{800DBD80-4733-48F6-A155-0EE305ED1CF5}.Debug|Win32.ActiveCfg = Debug|Win32
		{800DBD80-4733-48F6-A155-0EE305ED1CF5}.Debug|Win32.Build.0 = Debug|Win32
		{800DBD80-4733-48F6-A155-0EE305ED1CF5}.Debug|x64.ActiveCfg = Debug|Win32
		{800DBD80-4733-48F6-A155-0EE305ED1CF5}.Release|Win32.ActiveCfg = Release|Win32
		{800DBD80-4733-48F6-A155-0EE305ED1CF5}.Release|Win32.Build.0 = Release|Win32
		{800DBD80-4733-48F6-A155-0EE305ED1CF5}.Release|x64.ActiveCfg = Release|Win32
		{79C9B209-4765-4CCE-BAA6-D6D8BB073D3F}.Debug|Win32.ActiveCfg = Debug|Win32
		{79C9B209-4765-4CCE-BAA6-D6D8BB073D3F}.Debug|Win32.Build.0 = Debug|Win32
		{79C9B209-4765-4CCE-BAA6-D6D8BB073D3F}.Debug|x64.ActiveCfg = Debug|Win32
		{79C9B209-4765-4CCE-BAA6-D6D8BB073D3F}.Release|Win32.ActiveCfg = Release|Win32
		{79C9B209-4765-4CCE-BAA6-D6D8BB073D3F}.Release|Win32.Build.0 = Release|Win32
		{79C9B209-4765-4CCE-BAA6-D6D8BB073D3F}.Release|x64.ActiveCfg = Release|Win32
		{25FC9A18-2083-42CC-873E-8981DD641A17}.Debug|Win32.ActiveCfg = Debug|Win32
		{25FC9A18-2083-42CC-873E-8981DD641A17}.Debug|Win32.Build.0 = Debug|Win32
		{25FC9A18-2083-42CC-873E-8981DD641A17}.Debug|x64.ActiveCfg = Debug|x64
		{25FC9A18-2083-42CC-873E-8981DD641A17}.Debug|x64.Build.0 = Debug|x64
		{25FC9A18-2083-42CC-873E-8981DD641A17}.Release|Win32.ActiveCfg = Release|Win32
		{25FC9A18-2083-42CC-873E-8981DD641A17}.Release|Win32.Build.0 = Release|Win32
		{25FC9A18-2083-42CC-873E-8981DD641A17}.Release|x64.ActiveCfg = Release|x64
		{25FC9A18-2083-42CC-873E-8981DD641A17}.Release|x64.Build.0 = Release|x64
		{12CA2547-7CE8-4E15-B15E-71667A8A4A49}.Debug|Win32.ActiveCfg = Debug|Win32
		{12CA2547-7CE8-4E15-B15E-71667A8A4A49}.Debug|Win32.Build.0 = Debug|Win32
		{12CA2547-7CE8-4E15-B15E-71667A8A4A49}.Debug|x64.ActiveCfg = Debug|Win32
		{12CA2547-7CE8-4E15-B15E-71667A8A4A49}.Release|Win32.ActiveCfg = Release|Win32
		{12CA2547-7CE8-4E15-B15E-71667A8A4A49}.Release|Win32.Build.0 = Release|Win32
		{12CA2547-7CE8-4E15-B15E-71667A8A4A49}.Release|x64.ActiveCfg = Release|Win32
	EndGlobalSection
	GlobalSection(SolutionProperties) = preSolution
		HideSolutionNode = FALSE
	EndGlobalSection
	GlobalSection(NestedProjects) = preSolution
		{800DBD80-4733-48F6-A155-0EE305ED1CF5} = {5FA55185-485E-4373-8C71-B601B16CD6E5}
		{79C9B209-4765-4CCE-BAA6-D6D8BB073D3F} = {5FA55185-485E-4373-8C71-B601B16CD6E5}
		{22D3F2AD-2549-4035-9E3A-851B3BDB2BDA} = {5FA55185-485E-4373-8C71-B601B16CD6E5}
		{12CA2547-7CE8-4E15-B15E-71667A8A4A49} = {5FA55185-485E-4373-8C71-B601B16CD6E5}
	EndGlobalSection
EndGlobal
